
Microsoft Visual Studio Solution File, Format Version 10.00
# Visual Studio 2008
Project("{8BC9CEB8-8B4A-11D0-8D11-00A0C91BC942}") = "practica2", "practica2.vcproj", "{05C0E289-A095-4ED8-BA6C-B34984999AD8}"
EndProject
Global
	GlobalSection(SolutionConfigurationPlatforms) = preSolution
		Debug|Win32 = Debug|Win32
		Release|Win32 = Release|Win32
	EndGlobalSection
	GlobalSection(ProjectConfigurationPlatforms) = postSolution
		{05C0E289-A095-4ED8-BA6C-B34984999AD8}.Debug|Win32.ActiveCfg = Debug|Win32
		{05C0E289-A095-4ED8-BA6C-B34984999AD8}.Debug|Win32.Build.0 = Debug|Win32
		{05C0E289-A095-4ED8-BA6C-B34984999AD8}.Release|Win32.ActiveCfg = Release|Win32
		{05C0E289-A095-4ED8-BA6C-B34984999AD8}.Release|Win32.Build.0 = Release|Win32
	EndGlobalSection
	GlobalSection(SolutionProperties) = preSolution
		HideSolutionNode = FALSE
	EndGlobalSection
EndGlobal
